
Microsoft Visual Studio Solution File, Format Version 12.00
# Visual Studio Version 16
VisualStudioVersion = 16.0.30907.101
MinimumVisualStudioVersion = 10.0.40219.1
Project("{2150E333-8FDC-42A3-9474-1A3956D46DE8}") = "Microservices", "Microservices", "{20DCE991-2B06-4635-B54B-77460CB3FDB8}"
EndProject
Project("{2150E333-8FDC-42A3-9474-1A3956D46DE8}") = "Domain", "Domain", "{31725A8C-FD48-4B15-B840-28643FB8F5AC}"
EndProject
Project("{2150E333-8FDC-42A3-9474-1A3956D46DE8}") = "Infa.Bus", "Infa.Bus", "{B880C165-3701-4675-94C1-6A4576B79470}"
EndProject
Project("{2150E333-8FDC-42A3-9474-1A3956D46DE8}") = "Infra.IoC", "Infra.IoC", "{DF1210B2-828B-4252-9B00-DFCAC899259F}"
EndProject
Project("{2150E333-8FDC-42A3-9474-1A3956D46DE8}") = "Presentation", "Presentation", "{C612B465-30B9-4903-9298-B2FAAE3828A1}"
EndProject
Project("{9A19103F-16F7-4668-BE54-9A1E7A4F7556}") = "Micro_Dapper.Domain.Core", "Micro_Dapper.Domain.Core\Micro_Dapper.Domain.Core.csproj", "{B02CBDC7-8FAE-453B-90DB-EEC5D3B56CC9}"
EndProject
Project("{9A19103F-16F7-4668-BE54-9A1E7A4F7556}") = "Micro_Dapper.Infra.Bus", "Micro_Dapper.Infra.Bus\Micro_Dapper.Infra.Bus.csproj", "{626807FE-BA8E-4A8E-89F3-CD108A3D97B7}"
EndProject
Project("{9A19103F-16F7-4668-BE54-9A1E7A4F7556}") = "Micro_Dapper.Infra.IoC", "Micro_Dapper.Infra.IoC\Micro_Dapper.Infra.IoC.csproj", "{4EFA5776-2A9E-4BC3-88E2-60F5A03798E5}"
EndProject
Project("{2150E333-8FDC-42A3-9474-1A3956D46DE8}") = "Drivers", "Drivers", "{74558FF0-F14A-4ABE-BAEC-6D66645756EF}"
EndProject
Project("{2150E333-8FDC-42A3-9474-1A3956D46DE8}") = "API", "API", "{34BF1537-3516-422E-B3FF-5178C9BDE66B}"
EndProject
Project("{2150E333-8FDC-42A3-9474-1A3956D46DE8}") = "Domain", "Domain", "{216EC15A-DD56-4548-B57D-4A4FD60E6534}"
EndProject
Project("{2150E333-8FDC-42A3-9474-1A3956D46DE8}") = "Application", "Application", "{E6E76FB0-9E4C-4424-AFA4-FF2E13AA875D}"
EndProject
Project("{2150E333-8FDC-42A3-9474-1A3956D46DE8}") = "Data", "Data", "{D43ADF78-8B38-4A34-930B-6B34FFB94333}"
EndProject
Project("{FAE04EC0-301F-11D3-BF4B-00C04F79EFBC}") = "Micro_Dapper.Drivers.API", "Micro_Dapper.Drivers.API\Micro_Dapper.Drivers.API.csproj", "{B80E068D-37CE-4211-9642-7E5BFEE06669}"
EndProject
Project("{FAE04EC0-301F-11D3-BF4B-00C04F79EFBC}") = "Micro_Dapper.Drivers.Application", "Micro_Dapper.Drivers.Application\Micro_Dapper.Drivers.Application.csproj", "{2A5EF269-593C-42EB-81FB-CBCAC7321CEE}"
EndProject
Project("{FAE04EC0-301F-11D3-BF4B-00C04F79EFBC}") = "Micro_Dapper.Drivers.Data", "Micro_Dapper.Drivers.Data\Micro_Dapper.Drivers.Data.csproj", "{BDB54F41-8372-4406-A355-1D59E1FC365F}"
EndProject
Project("{FAE04EC0-301F-11D3-BF4B-00C04F79EFBC}") = "Micro_Dapper.Drivers.Domain", "Micro_Dapper.Drivers.Domain\Micro_Dapper.Drivers.Domain.csproj", "{9439BE0C-7F07-4C01-8CD7-528EDAC0B5B9}"
EndProject
Global
	GlobalSection(SolutionConfigurationPlatforms) = preSolution
		Debug|Any CPU = Debug|Any CPU
		Release|Any CPU = Release|Any CPU
	EndGlobalSection
	GlobalSection(ProjectConfigurationPlatforms) = postSolution
		{B02CBDC7-8FAE-453B-90DB-EEC5D3B56CC9}.Debug|Any CPU.ActiveCfg = Debug|Any CPU
		{B02CBDC7-8FAE-453B-90DB-EEC5D3B56CC9}.Debug|Any CPU.Build.0 = Debug|Any CPU
		{B02CBDC7-8FAE-453B-90DB-EEC5D3B56CC9}.Release|Any CPU.ActiveCfg = Release|Any CPU
		{B02CBDC7-8FAE-453B-90DB-EEC5D3B56CC9}.Release|Any CPU.Build.0 = Release|Any CPU
		{626807FE-BA8E-4A8E-89F3-CD108A3D97B7}.Debug|Any CPU.ActiveCfg = Debug|Any CPU
		{626807FE-BA8E-4A8E-89F3-CD108A3D97B7}.Debug|Any CPU.Build.0 = Debug|Any CPU
		{626807FE-BA8E-4A8E-89F3-CD108A3D97B7}.Release|Any CPU.ActiveCfg = Release|Any CPU
		{626807FE-BA8E-4A8E-89F3-CD108A3D97B7}.Release|Any CPU.Build.0 = Release|Any CPU
		{4EFA5776-2A9E-4BC3-88E2-60F5A03798E5}.Debug|Any CPU.ActiveCfg = Debug|Any CPU
		{4EFA5776-2A9E-4BC3-88E2-60F5A03798E5}.Debug|Any CPU.Build.0 = Debug|Any CPU
		{4EFA5776-2A9E-4BC3-88E2-60F5A03798E5}.Release|Any CPU.ActiveCfg = Release|Any CPU
		{4EFA5776-2A9E-4BC3-88E2-60F5A03798E5}.Release|Any CPU.Build.0 = Release|Any CPU
		{B80E068D-37CE-4211-9642-7E5BFEE06669}.Debug|Any CPU.ActiveCfg = Debug|Any CPU
		{B80E068D-37CE-4211-9642-7E5BFEE06669}.Debug|Any CPU.Build.0 = Debug|Any CPU
		{B80E068D-37CE-4211-9642-7E5BFEE06669}.Release|Any CPU.ActiveCfg = Release|Any CPU
		{B80E068D-37CE-4211-9642-7E5BFEE06669}.Release|Any CPU.Build.0 = Release|Any CPU
		{2A5EF269-593C-42EB-81FB-CBCAC7321CEE}.Debug|Any CPU.ActiveCfg = Debug|Any CPU
		{2A5EF269-593C-42EB-81FB-CBCAC7321CEE}.Debug|Any CPU.Build.0 = Debug|Any CPU
		{2A5EF269-593C-42EB-81FB-CBCAC7321CEE}.Release|Any CPU.ActiveCfg = Release|Any CPU
		{2A5EF269-593C-42EB-81FB-CBCAC7321CEE}.Release|Any CPU.Build.0 = Release|Any CPU
		{BDB54F41-8372-4406-A355-1D59E1FC365F}.Debug|Any CPU.ActiveCfg = Debug|Any CPU
		{BDB54F41-8372-4406-A355-1D59E1FC365F}.Debug|Any CPU.Build.0 = Debug|Any CPU
		{BDB54F41-8372-4406-A355-1D59E1FC365F}.Release|Any CPU.ActiveCfg = Release|Any CPU
		{BDB54F41-8372-4406-A355-1D59E1FC365F}.Release|Any CPU.Build.0 = Release|Any CPU
		{9439BE0C-7F07-4C01-8CD7-528EDAC0B5B9}.Debug|Any CPU.ActiveCfg = Debug|Any CPU
		{9439BE0C-7F07-4C01-8CD7-528EDAC0B5B9}.Debug|Any CPU.Build.0 = Debug|Any CPU
		{9439BE0C-7F07-4C01-8CD7-528EDAC0B5B9}.Release|Any CPU.ActiveCfg = Release|Any CPU
		{9439BE0C-7F07-4C01-8CD7-528EDAC0B5B9}.Release|Any CPU.Build.0 = Release|Any CPU
	EndGlobalSection
	GlobalSection(SolutionProperties) = preSolution
		HideSolutionNode = FALSE
	EndGlobalSection
	GlobalSection(NestedProjects) = preSolution
		{B02CBDC7-8FAE-453B-90DB-EEC5D3B56CC9} = {31725A8C-FD48-4B15-B840-28643FB8F5AC}
		{626807FE-BA8E-4A8E-89F3-CD108A3D97B7} = {B880C165-3701-4675-94C1-6A4576B79470}
		{4EFA5776-2A9E-4BC3-88E2-60F5A03798E5} = {DF1210B2-828B-4252-9B00-DFCAC899259F}
		{74558FF0-F14A-4ABE-BAEC-6D66645756EF} = {20DCE991-2B06-4635-B54B-77460CB3FDB8}
		{34BF1537-3516-422E-B3FF-5178C9BDE66B} = {74558FF0-F14A-4ABE-BAEC-6D66645756EF}
		{216EC15A-DD56-4548-B57D-4A4FD60E6534} = {74558FF0-F14A-4ABE-BAEC-6D66645756EF}
		{E6E76FB0-9E4C-4424-AFA4-FF2E13AA875D} = {74558FF0-F14A-4ABE-BAEC-6D66645756EF}
		{D43ADF78-8B38-4A34-930B-6B34FFB94333} = {74558FF0-F14A-4ABE-BAEC-6D66645756EF}
		{B80E068D-37CE-4211-9642-7E5BFEE06669} = {34BF1537-3516-422E-B3FF-5178C9BDE66B}
		{2A5EF269-593C-42EB-81FB-CBCAC7321CEE} = {E6E76FB0-9E4C-4424-AFA4-FF2E13AA875D}
		{BDB54F41-8372-4406-A355-1D59E1FC365F} = {D43ADF78-8B38-4A34-930B-6B34FFB94333}
		{9439BE0C-7F07-4C01-8CD7-528EDAC0B5B9} = {216EC15A-DD56-4548-B57D-4A4FD60E6534}
	EndGlobalSection
	GlobalSection(ExtensibilityGlobals) = postSolution
		SolutionGuid = {448A1DDF-C744-4659-822C-B7ADD7F36E4D}
	EndGlobalSection
EndGlobal
